
Microsoft Visual Studio Solution File, Format Version 12.00
# Visual Studio Version 17
VisualStudioVersion = 17.2.32630.192
MinimumVisualStudioVersion = 10.0.40219.1
Project("{FAE04EC0-301F-11D3-BF4B-00C04F79EFBC}") = "MyWebApilApp", "MyWebApilApp\MyWebApilApp.csproj", "{80E4A645-2158-4D36-8A06-8DF6681715D2}"
EndProject
Global
	GlobalSection(SolutionConfigurationPlatforms) = preSolution
		Debug|Any CPU = Debug|Any CPU
		Release|Any CPU = Release|Any CPU
	EndGlobalSection
	GlobalSection(ProjectConfigurationPlatforms) = postSolution
		{80E4A645-2158-4D36-8A06-8DF6681715D2}.Debug|Any CPU.ActiveCfg = Debug|Any CPU
		{80E4A645-2158-4D36-8A06-8DF6681715D2}.Debug|Any CPU.Build.0 = Debug|Any CPU
		{80E4A645-2158-4D36-8A06-8DF6681715D2}.Release|Any CPU.ActiveCfg = Release|Any CPU
		{80E4A645-2158-4D36-8A06-8DF6681715D2}.Release|Any CPU.Build.0 = Release|Any CPU
	EndGlobalSection
	GlobalSection(SolutionProperties) = preSolution
		HideSolutionNode = FALSE
	EndGlobalSection
	GlobalSection(ExtensibilityGlobals) = postSolution
		SolutionGuid = {2AD51B99-8C03-42E2-B51C-644A7A1334DA}
	EndGlobalSection
EndGlobal
